
Microsoft Visual Studio Solution File, Format Version 12.00
# Visual Studio Version 17
VisualStudioVersion = 17.0.32014.148
MinimumVisualStudioVersion = 10.0.40219.1
Project("{FAE04EC0-301F-11D3-BF4B-00C04F79EFBC}") = "Учет работы мастерских", "Учет работы мастерских\Учет работы мастерских.csproj", "{7FDB820B-6E1D-4B09-B8F6-617376AC4084}"
EndProject
Project("{FAE04EC0-301F-11D3-BF4B-00C04F79EFBC}") = "Тестирование", "Тестирование\Тестирование.csproj", "{884E010C-335E-4E04-BDB1-006BF1E982FD}"
EndProject
Global
	GlobalSection(SolutionConfigurationPlatforms) = preSolution
		Debug|Any CPU = Debug|Any CPU
		Release|Any CPU = Release|Any CPU
	EndGlobalSection
	GlobalSection(ProjectConfigurationPlatforms) = postSolution
		{7FDB820B-6E1D-4B09-B8F6-617376AC4084}.Debug|Any CPU.ActiveCfg = Debug|Any CPU
		{7FDB820B-6E1D-4B09-B8F6-617376AC4084}.Debug|Any CPU.Build.0 = Debug|Any CPU
		{7FDB820B-6E1D-4B09-B8F6-617376AC4084}.Release|Any CPU.ActiveCfg = Release|Any CPU
		{7FDB820B-6E1D-4B09-B8F6-617376AC4084}.Release|Any CPU.Build.0 = Release|Any CPU
		{884E010C-335E-4E04-BDB1-006BF1E982FD}.Debug|Any CPU.ActiveCfg = Debug|Any CPU
		{884E010C-335E-4E04-BDB1-006BF1E982FD}.Debug|Any CPU.Build.0 = Debug|Any CPU
		{884E010C-335E-4E04-BDB1-006BF1E982FD}.Release|Any CPU.ActiveCfg = Release|Any CPU
		{884E010C-335E-4E04-BDB1-006BF1E982FD}.Release|Any CPU.Build.0 = Release|Any CPU
	EndGlobalSection
	GlobalSection(SolutionProperties) = preSolution
		HideSolutionNode = FALSE
	EndGlobalSection
	GlobalSection(ExtensibilityGlobals) = postSolution
		SolutionGuid = {E3ED66C5-7D48-4F19-B6E1-F0A3E187A86C}
	EndGlobalSection
EndGlobal
